// !$*UTF8*$!
{
	archiveVersion = 1;
	classes = {
	};
	objectVersion = 50;
	objects = {

/* Begin PBXBuildFile section */
		6E612712241016DC003A3DFE /* AppDelegate.swift in Sources */ = {isa = PBXBuildFile; fileRef = 6E612711241016DC003A3DFE /* AppDelegate.swift */; };
		6E612714241016DC003A3DFE /* GameScene.sks in Resources */ = {isa = PBXBuildFile; fileRef = 6E612713241016DC003A3DFE /* GameScene.sks */; };
		6E612716241016DC003A3DFE /* Actions.sks in Resources */ = {isa = PBXBuildFile; fileRef = 6E612715241016DC003A3DFE /* Actions.sks */; };
		6E612718241016DC003A3DFE /* GameScene.swift in Sources */ = {isa = PBXBuildFile; fileRef = 6E612717241016DC003A3DFE /* GameScene.swift */; };
		6E61271A241016DC003A3DFE /* GameViewController.swift in Sources */ = {isa = PBXBuildFile; fileRef = 6E612719241016DC003A3DFE /* GameViewController.swift */; };
		6E61271D241016DC003A3DFE /* Main.storyboard in Resources */ = {isa = PBXBuildFile; fileRef = 6E61271B241016DC003A3DFE /* Main.storyboard */; };
		6E61271F241016DE003A3DFE /* Assets.xcassets in Resources */ = {isa = PBXBuildFile; fileRef = 6E61271E241016DE003A3DFE /* Assets.xcassets */; };
		6E612722241016DE003A3DFE /* LaunchScreen.storyboard in Resources */ = {isa = PBXBuildFile; fileRef = 6E612720241016DE003A3DFE /* LaunchScreen.storyboard */; };
		6E61272D241016DE003A3DFE /* PolyBounceTests.swift in Sources */ = {isa = PBXBuildFile; fileRef = 6E61272C241016DE003A3DFE /* PolyBounceTests.swift */; };
		6E612738241016DE003A3DFE /* PolyBounceUITests.swift in Sources */ = {isa = PBXBuildFile; fileRef = 6E612737241016DE003A3DFE /* PolyBounceUITests.swift */; };
/* End PBXBuildFile section */

/* Begin PBXContainerItemProxy section */
		6E612729241016DE003A3DFE /* PBXContainerItemProxy */ = {
			isa = PBXContainerItemProxy;
			containerPortal = 6E612706241016DC003A3DFE /* Project object */;
			proxyType = 1;
			remoteGlobalIDString = 6E61270D241016DC003A3DFE;
			remoteInfo = PolyBounce;
		};
		6E612734241016DE003A3DFE /* PBXContainerItemProxy */ = {
			isa = PBXContainerItemProxy;
			containerPortal = 6E612706241016DC003A3DFE /* Project object */;
			proxyType = 1;
			remoteGlobalIDString = 6E61270D241016DC003A3DFE;
			remoteInfo = PolyBounce;
		};
/* End PBXContainerItemProxy section */

/* Begin PBXFileReference section */
		6E61270E241016DC003A3DFE /* PolyBounce.app */ = {isa = PBXFileReference; explicitFileType = wrapper.application; includeInIndex = 0; path = PolyBounce.app; sourceTree = BUILT_PRODUCTS_DIR; };
		6E612711241016DC003A3DFE /* AppDelegate.swift */ = {isa = PBXFileReference; lastKnownFileType = sourcecode.swift; path = AppDelegate.swift; sourceTree = "<group>"; };
		6E612713241016DC003A3DFE /* GameScene.sks */ = {isa = PBXFileReference; lastKnownFileType = file.sks; path = GameScene.sks; sourceTree = "<group>"; };
		6E612715241016DC003A3DFE /* Actions.sks */ = {isa = PBXFileReference; lastKnownFileType = file.sks; path = Actions.sks; sourceTree = "<group>"; };
		6E612717241016DC003A3DFE /* GameScene.swift */ = {isa = PBXFileReference; lastKnownFileType = sourcecode.swift; path = GameScene.swift; sourceTree = "<group>"; };
		6E612719241016DC003A3DFE /* GameViewController.swift */ = {isa = PBXFileReference; lastKnownFileType = sourcecode.swift; path = GameViewController.swift; sourceTree = "<group>"; };
		6E61271C241016DC003A3DFE /* Base */ = {isa = PBXFileReference; lastKnownFileType = file.storyboard; name = Base; path = Base.lproj/Main.storyboard; sourceTree = "<group>"; };
		6E61271E241016DE003A3DFE /* Assets.xcassets */ = {isa = PBXFileReference; lastKnownFileType = folder.assetcatalog; path = Assets.xcassets; sourceTree = "<group>"; };
		6E612721241016DE003A3DFE /* Base */ = {isa = PBXFileReference; lastKnownFileType = file.storyboard; name = Base; path = Base.lproj/LaunchScreen.storyboard; sourceTree = "<group>"; };
		6E612723241016DE003A3DFE /* Info.plist */ = {isa = PBXFileReference; lastKnownFileType = text.plist.xml; path = Info.plist; sourceTree = "<group>"; };
		6E612728241016DE003A3DFE /* PolyBounceTests.xctest */ = {isa = PBXFileReference; explicitFileType = wrapper.cfbundle; includeInIndex = 0; path = PolyBounceTests.xctest; sourceTree = BUILT_PRODUCTS_DIR; };
		6E61272C241016DE003A3DFE /* PolyBounceTests.swift */ = {isa = PBXFileReference; lastKnownFileType = sourcecode.swift; path = PolyBounceTests.swift; sourceTree = "<group>"; };
		6E61272E241016DE003A3DFE /* Info.plist */ = {isa = PBXFileReference; lastKnownFileType = text.plist.xml; path = Info.plist; sourceTree = "<group>"; };
		6E612733241016DE003A3DFE /* PolyBounceUITests.xctest */ = {isa = PBXFileReference; explicitFileType = wrapper.cfbundle; includeInIndex = 0; path = PolyBounceUITests.xctest; sourceTree = BUILT_PRODUCTS_DIR; };
		6E612737241016DE003A3DFE /* PolyBounceUITests.swift */ = {isa = PBXFileReference; lastKnownFileType = sourcecode.swift; path = PolyBounceUITests.swift; sourceTree = "<group>"; };
		6E612739241016DE003A3DFE /* Info.plist */ = {isa = PBXFileReference; lastKnownFileType = text.plist.xml; path = Info.plist; sourceTree = "<group>"; };
/* End PBXFileReference section */

/* Begin PBXFrameworksBuildPhase section */
		6E61270B241016DC003A3DFE /* Frameworks */ = {
			isa = PBXFrameworksBuildPhase;
			buildActionMask = 2147483647;
			files = (
			);
			runOnlyForDeploymentPostprocessing = 0;
		};
		6E612725241016DE003A3DFE /* Frameworks */ = {
			isa = PBXFrameworksBuildPhase;
			buildActionMask = 2147483647;
			files = (
			);
			runOnlyForDeploymentPostprocessing = 0;
		};
		6E612730241016DE003A3DFE /* Frameworks */ = {
			isa = PBXFrameworksBuildPhase;
			buildActionMask = 2147483647;
			files = (
			);
			runOnlyForDeploymentPostprocessing = 0;
		};
/* End PBXFrameworksBuildPhase section */

/* Begin PBXGroup section */
		6E612705241016DC003A3DFE = {
			isa = PBXGroup;
			children = (
				6E612710241016DC003A3DFE /* PolyBounce */,
				6E61272B241016DE003A3DFE /* PolyBounceTests */,
				6E612736241016DE003A3DFE /* PolyBounceUITests */,
				6E61270F241016DC003A3DFE /* Products */,
			);
			sourceTree = "<group>";
		};
		6E61270F241016DC003A3DFE /* Products */ = {
			isa = PBXGroup;
			children = (
				6E61270E241016DC003A3DFE /* PolyBounce.app */,
				6E612728241016DE003A3DFE /* PolyBounceTests.xctest */,
				6E612733241016DE003A3DFE /* PolyBounceUITests.xctest */,
			);
			name = Products;
			sourceTree = "<group>";
		};
		6E612710241016DC003A3DFE /* PolyBounce */ = {
			isa = PBXGroup;
			children = (
				6E612711241016DC003A3DFE /* AppDelegate.swift */,
				6E612713241016DC003A3DFE /* GameScene.sks */,
				6E612715241016DC003A3DFE /* Actions.sks */,
				6E612717241016DC003A3DFE /* GameScene.swift */,
				6E612719241016DC003A3DFE /* GameViewController.swift */,
				6E61271B241016DC003A3DFE /* Main.storyboard */,
				6E61271E241016DE003A3DFE /* Assets.xcassets */,
				6E612720241016DE003A3DFE /* LaunchScreen.storyboard */,
				6E612723241016DE003A3DFE /* Info.plist */,
			);
			path = PolyBounce;
			sourceTree = "<group>";
		};
		6E61272B241016DE003A3DFE /* PolyBounceTests */ = {
			isa = PBXGroup;
			children = (
				6E61272C241016DE003A3DFE /* PolyBounceTests.swift */,
				6E61272E241016DE003A3DFE /* Info.plist */,
			);
			path = PolyBounceTests;
			sourceTree = "<group>";
		};
		6E612736241016DE003A3DFE /* PolyBounceUITests */ = {
			isa = PBXGroup;
			children = (
				6E612737241016DE003A3DFE /* PolyBounceUITests.swift */,
				6E612739241016DE003A3DFE /* Info.plist */,
			);
			path = PolyBounceUITests;
			sourceTree = "<group>";
		};
/* End PBXGroup section */

/* Begin PBXNativeTarget section */
		6E61270D241016DC003A3DFE /* PolyBounce */ = {
			isa = PBXNativeTarget;
			buildConfigurationList = 6E61273C241016DE003A3DFE /* Build configuration list for PBXNativeTarget "PolyBounce" */;
			buildPhases = (
				6E61270A241016DC003A3DFE /* Sources */,
				6E61270B241016DC003A3DFE /* Frameworks */,
				6E61270C241016DC003A3DFE /* Resources */,
			);
			buildRules = (
			);
			dependencies = (
			);
			name = PolyBounce;
			productName = PolyBounce;
			productReference = 6E61270E241016DC003A3DFE /* PolyBounce.app */;
			productType = "com.apple.product-type.application";
		};
		6E612727241016DE003A3DFE /* PolyBounceTests */ = {
			isa = PBXNativeTarget;
			buildConfigurationList = 6E61273F241016DE003A3DFE /* Build configuration list for PBXNativeTarget "PolyBounceTests" */;
			buildPhases = (
				6E612724241016DE003A3DFE /* Sources */,
				6E612725241016DE003A3DFE /* Frameworks */,
				6E612726241016DE003A3DFE /* Resources */,
			);
			buildRules = (
			);
			dependencies = (
				6E61272A241016DE003A3DFE /* PBXTargetDependency */,
			);
			name = PolyBounceTests;
			productName = PolyBounceTests;
			productReference = 6E612728241016DE003A3DFE /* PolyBounceTests.xctest */;
			productType = "com.apple.product-type.bundle.unit-test";
		};
		6E612732241016DE003A3DFE /* PolyBounceUITests */ = {
			isa = PBXNativeTarget;
			buildConfigurationList = 6E612742241016DE003A3DFE /* Build configuration list for PBXNativeTarget "PolyBounceUITests" */;
			buildPhases = (
				6E61272F241016DE003A3DFE /* Sources */,
				6E612730241016DE003A3DFE /* Frameworks */,
				6E612731241016DE003A3DFE /* Resources */,
			);
			buildRules = (
			);
			dependencies = (
				6E612735241016DE003A3DFE /* PBXTargetDependency */,
			);
			name = PolyBounceUITests;
			productName = PolyBounceUITests;
			productReference = 6E612733241016DE003A3DFE /* PolyBounceUITests.xctest */;
			productType = "com.apple.product-type.bundle.ui-testing";
		};
/* End PBXNativeTarget section */

/* Begin PBXProject section */
		6E612706241016DC003A3DFE /* Project object */ = {
			isa = PBXProject;
			attributes = {
				LastSwiftUpdateCheck = 1130;
				LastUpgradeCheck = 1130;
				ORGANIZATIONNAME = "Ethan Koland";
				TargetAttributes = {
					6E61270D241016DC003A3DFE = {
						CreatedOnToolsVersion = 11.3.1;
					};
					6E612727241016DE003A3DFE = {
						CreatedOnToolsVersion = 11.3.1;
						TestTargetID = 6E61270D241016DC003A3DFE;
					};
					6E612732241016DE003A3DFE = {
						CreatedOnToolsVersion = 11.3.1;
						TestTargetID = 6E61270D241016DC003A3DFE;
					};
				};
			};
			buildConfigurationList = 6E612709241016DC003A3DFE /* Build configuration list for PBXProject "PolyBounce" */;
			compatibilityVersion = "Xcode 9.3";
			developmentRegion = en;
			hasScannedForEncodings = 0;
			knownRegions = (
				en,
				Base,
			);
			mainGroup = 6E612705241016DC003A3DFE;
			productRefGroup = 6E61270F241016DC003A3DFE /* Products */;
			projectDirPath = "";
			projectRoot = "";
			targets = (
				6E61270D241016DC003A3DFE /* PolyBounce */,
				6E612727241016DE003A3DFE /* PolyBounceTests */,
				6E612732241016DE003A3DFE /* PolyBounceUITests */,
			);
		};
/* End PBXProject section */

/* Begin PBXResourcesBuildPhase section */
		6E61270C241016DC003A3DFE /* Resources */ = {
			isa = PBXResourcesBuildPhase;
			buildActionMask = 2147483647;
			files = (
				6E61271D241016DC003A3DFE /* Main.storyboard in Resources */,
				6E612714241016DC003A3DFE /* GameScene.sks in Resources */,
				6E61271F241016DE003A3DFE /* Assets.xcassets in Resources */,
				6E612722241016DE003A3DFE /* LaunchScreen.storyboard in Resources */,
				6E612716241016DC003A3DFE /* Actions.sks in Resources */,
			);
			runOnlyForDeploymentPostprocessing = 0;
		};
		6E612726241016DE003A3DFE /* Resources */ = {
			isa = PBXResourcesBuildPhase;
			buildActionMask = 2147483647;
			files = (
			);
			runOnlyForDeploymentPostprocessing = 0;
		};
		6E612731241016DE003A3DFE /* Resources */ = {
			isa = PBXResourcesBuildPhase;
			buildActionMask = 2147483647;
			files = (
			);
			runOnlyForDeploymentPostprocessing = 0;
		};
/* End PBXResourcesBuildPhase section */

/* Begin PBXSourcesBuildPhase section */
		6E61270A241016DC003A3DFE /* Sources */ = {
			isa = PBXSourcesBuildPhase;
			buildActionMask = 2147483647;
			files = (
				6E612718241016DC003A3DFE /* GameScene.swift in Sources */,
				6E61271A241016DC003A3DFE /* GameViewController.swift in Sources */,
				6E612712241016DC003A3DFE /* AppDelegate.swift in Sources */,
			);
			runOnlyForDeploymentPostprocessing = 0;
		};
		6E612724241016DE003A3DFE /* Sources */ = {
			isa = PBXSourcesBuildPhase;
			buildActionMask = 2147483647;
			files = (
				6E61272D241016DE003A3DFE /* PolyBounceTests.swift in Sources */,
			);
			runOnlyForDeploymentPostprocessing = 0;
		};
		6E61272F241016DE003A3DFE /* Sources */ = {
			isa = PBXSourcesBuildPhase;
			buildActionMask = 2147483647;
			files = (
				6E612738241016DE003A3DFE /* PolyBounceUITests.swift in Sources */,
			);
			runOnlyForDeploymentPostprocessing = 0;
		};
/* End PBXSourcesBuildPhase section */

/* Begin PBXTargetDependency section */
		6E61272A241016DE003A3DFE /* PBXTargetDependency */ = {
			isa = PBXTargetDependency;
			target = 6E61270D241016DC003A3DFE /* PolyBounce */;
			targetProxy = 6E612729241016DE003A3DFE /* PBXContainerItemProxy */;
		};
		6E612735241016DE003A3DFE /* PBXTargetDependency */ = {
			isa = PBXTargetDependency;
			target = 6E61270D241016DC003A3DFE /* PolyBounce */;
			targetProxy = 6E612734241016DE003A3DFE /* PBXContainerItemProxy */;
		};
/* End PBXTargetDependency section */

/* Begin PBXVariantGroup section */
		6E61271B241016DC003A3DFE /* Main.storyboard */ = {
			isa = PBXVariantGroup;
			children = (
				6E61271C241016DC003A3DFE /* Base */,
			);
			name = Main.storyboard;
			sourceTree = "<group>";
		};
		6E612720241016DE003A3DFE /* LaunchScreen.storyboard */ = {
			isa = PBXVariantGroup;
			children = (
				6E612721241016DE003A3DFE /* Base */,
			);
			name = LaunchScreen.storyboard;
			sourceTree = "<group>";
		};
/* End PBXVariantGroup section */

/* Begin XCBuildConfiguration section */
		6E61273A241016DE003A3DFE /* Debug */ = {
			isa = XCBuildConfiguration;
			buildSettings = {
				ALWAYS_SEARCH_USER_PATHS = NO;
				CLANG_ANALYZER_NONNULL = YES;
				CLANG_ANALYZER_NUMBER_OBJECT_CONVERSION = YES_AGGRESSIVE;
				CLANG_CXX_LANGUAGE_STANDARD = "gnu++14";
				CLANG_CXX_LIBRARY = "libc++";
				CLANG_ENABLE_MODULES = YES;
				CLANG_ENABLE_OBJC_ARC = YES;
				CLANG_ENABLE_OBJC_WEAK = YES;
				CLANG_WARN_BLOCK_CAPTURE_AUTORELEASING = YES;
				CLANG_WARN_BOOL_CONVERSION = YES;
				CLANG_WARN_COMMA = YES;
				CLANG_WARN_CONSTANT_CONVERSION = YES;
				CLANG_WARN_DEPRECATED_OBJC_IMPLEMENTATIONS = YES;
				CLANG_WARN_DIRECT_OBJC_ISA_USAGE = YES_ERROR;
				CLANG_WARN_DOCUMENTATION_COMMENTS = YES;
				CLANG_WARN_EMPTY_BODY = YES;
				CLANG_WARN_ENUM_CONVERSION = YES;
				CLANG_WARN_INFINITE_RECURSION = YES;
				CLANG_WARN_INT_CONVERSION = YES;
				CLANG_WARN_NON_LITERAL_NULL_CONVERSION = YES;
				CLANG_WARN_OBJC_IMPLICIT_RETAIN_SELF = YES;
				CLANG_WARN_OBJC_LITERAL_CONVERSION = YES;
				CLANG_WARN_OBJC_ROOT_CLASS = YES_ERROR;
				CLANG_WARN_RANGE_LOOP_ANALYSIS = YES;
				CLANG_WARN_STRICT_PROTOTYPES = YES;
				CLANG_WARN_SUSPICIOUS_MOVE = YES;
				CLANG_WARN_UNGUARDED_AVAILABILITY = YES_AGGRESSIVE;
				CLANG_WARN_UNREACHABLE_CODE = YES;
				CLANG_WARN__DUPLICATE_METHOD_MATCH = YES;
				COPY_PHASE_STRIP = NO;
				DEBUG_INFORMATION_FORMAT = dwarf;
				ENABLE_STRICT_OBJC_MSGSEND = YES;
				ENABLE_TESTABILITY = YES;
				GCC_C_LANGUAGE_STANDARD = gnu11;
				GCC_DYNAMIC_NO_PIC = NO;
				GCC_NO_COMMON_BLOCKS = YES;
				GCC_OPTIMIZATION_LEVEL = 0;
				GCC_PREPROCESSOR_DEFINITIONS = (
					"DEBUG=1",
					"$(inherited)",
				);
				GCC_WARN_64_TO_32_BIT_CONVERSION = YES;
				GCC_WARN_ABOUT_RETURN_TYPE = YES_ERROR;
				GCC_WARN_UNDECLARED_SELECTOR = YES;
				GCC_WARN_UNINITIALIZED_AUTOS = YES_AGGRESSIVE;
				GCC_WARN_UNUSED_FUNCTION = YES;
				GCC_WARN_UNUSED_VARIABLE = YES;
				IPHONEOS_DEPLOYMENT_TARGET = 13.2;
				MTL_ENABLE_DEBUG_INFO = INCLUDE_SOURCE;
				MTL_FAST_MATH = YES;
				ONLY_ACTIVE_ARCH = YES;
				SDKROOT = iphoneos;
				SWIFT_ACTIVE_COMPILATION_CONDITIONS = DEBUG;
				SWIFT_OPTIMIZATION_LEVEL = "-Onone";
			};
			name = Debug;
		};
		6E61273B241016DE003A3DFE /* Release */ = {
			isa = XCBuildConfiguration;
			buildSettings = {
				ALWAYS_SEARCH_USER_PATHS = NO;
				CLANG_ANALYZER_NONNULL = YES;
				CLANG_ANALYZER_NUMBER_OBJECT_CONVERSION = YES_AGGRESSIVE;
				CLANG_CXX_LANGUAGE_STANDARD = "gnu++14";
				CLANG_CXX_LIBRARY = "libc++";
				CLANG_ENABLE_MODULES = YES;
				CLANG_ENABLE_OBJC_ARC = YES;
				CLANG_ENABLE_OBJC_WEAK = YES;
				CLANG_WARN_BLOCK_CAPTURE_AUTORELEASING = YES;
				CLANG_WARN_BOOL_CONVERSION = YES;
				CLANG_WARN_COMMA = YES;
				CLANG_WARN_CONSTANT_CONVERSION = YES;
				CLANG_WARN_DEPRECATED_OBJC_IMPLEMENTATIONS = YES;
				CLANG_WARN_DIRECT_OBJC_ISA_USAGE = YES_ERROR;
				CLANG_WARN_DOCUMENTATION_COMMENTS = YES;
				CLANG_WARN_EMPTY_BODY = YES;
				CLANG_WARN_ENUM_CONVERSION = YES;
				CLANG_WARN_INFINITE_RECURSION = YES;
				CLANG_WARN_INT_CONVERSION = YES;
				CLANG_WARN_NON_LITERAL_NULL_CONVERSION = YES;
				CLANG_WARN_OBJC_IMPLICIT_RETAIN_SELF = YES;
				CLANG_WARN_OBJC_LITERAL_CONVERSION = YES;
				CLANG_WARN_OBJC_ROOT_CLASS = YES_ERROR;
				CLANG_WARN_RANGE_LOOP_ANALYSIS = YES;
				CLANG_WARN_STRICT_PROTOTYPES = YES;
				CLANG_WARN_SUSPICIOUS_MOVE = YES;
				CLANG_WARN_UNGUARDED_AVAILABILITY = YES_AGGRESSIVE;
				CLANG_WARN_UNREACHABLE_CODE = YES;
				CLANG_WARN__DUPLICATE_METHOD_MATCH = YES;
				COPY_PHASE_STRIP = NO;
				DEBUG_INFORMATION_FORMAT = "dwarf-with-dsym";
				ENABLE_NS_ASSERTIONS = NO;
				ENABLE_STRICT_OBJC_MSGSEND = YES;
				GCC_C_LANGUAGE_STANDARD = gnu11;
				GCC_NO_COMMON_BLOCKS = YES;
				GCC_WARN_64_TO_32_BIT_CONVERSION = YES;
				GCC_WARN_ABOUT_RETURN_TYPE = YES_ERROR;
				GCC_WARN_UNDECLARED_SELECTOR = YES;
				GCC_WARN_UNINITIALIZED_AUTOS = YES_AGGRESSIVE;
				GCC_WARN_UNUSED_FUNCTION = YES;
				GCC_WARN_UNUSED_VARIABLE = YES;
				IPHONEOS_DEPLOYMENT_TARGET = 13.2;
				MTL_ENABLE_DEBUG_INFO = NO;
				MTL_FAST_MATH = YES;
				SDKROOT = iphoneos;
				SWIFT_COMPILATION_MODE = wholemodule;
				SWIFT_OPTIMIZATION_LEVEL = "-O";
				VALIDATE_PRODUCT = YES;
			};
			name = Release;
		};
		6E61273D241016DE003A3DFE /* Debug */ = {
			isa = XCBuildConfiguration;
			buildSettings = {
				ASSETCATALOG_COMPILER_APPICON_NAME = AppIcon;
				CODE_SIGN_STYLE = Automatic;
				DEVELOPMENT_TEAM = 883DK65VTV;
				INFOPLIST_FILE = PolyBounce/Info.plist;
				LD_RUNPATH_SEARCH_PATHS = (
					"$(inherited)",
					"@executable_path/Frameworks",
				);
				PRODUCT_BUNDLE_IDENTIFIER = "The-King.PolyBounce";
				PRODUCT_NAME = "$(TARGET_NAME)";
				SWIFT_VERSION = 5.0;
				TARGETED_DEVICE_FAMILY = "1,2";
			};
			name = Debug;
		};
		6E61273E241016DE003A3DFE /* Release */ = {
			isa = XCBuildConfiguration;
			buildSettings = {
				ASSETCATALOG_COMPILER_APPICON_NAME = AppIcon;
				CODE_SIGN_STYLE = Automatic;
				DEVELOPMENT_TEAM = 883DK65VTV;
				INFOPLIST_FILE = PolyBounce/Info.plist;
				LD_RUNPATH_SEARCH_PATHS = (
					"$(inherited)",
					"@executable_path/Frameworks",
				);
				PRODUCT_BUNDLE_IDENTIFIER = "The-King.PolyBounce";
				PRODUCT_NAME = "$(TARGET_NAME)";
				SWIFT_VERSION = 5.0;
				TARGETED_DEVICE_FAMILY = "1,2";
			};
			name = Release;
		};
		6E612740241016DE003A3DFE /* Debug */ = {
			isa = XCBuildConfiguration;
			buildSettings = {
				ALWAYS_EMBED_SWIFT_STANDARD_LIBRARIES = YES;
				BUNDLE_LOADER = "$(TEST_HOST)";
				CODE_SIGN_STYLE = Automatic;
				DEVELOPMENT_TEAM = 883DK65VTV;
				INFOPLIST_FILE = PolyBounceTests/Info.plist;
				IPHONEOS_DEPLOYMENT_TARGET = 13.2;
				LD_RUNPATH_SEARCH_PATHS = (
					"$(inherited)",
					"@executable_path/Frameworks",
					"@loader_path/Frameworks",
				);
				PRODUCT_BUNDLE_IDENTIFIER = "The-King.PolyBounceTests";
				PRODUCT_NAME = "$(TARGET_NAME)";
				SWIFT_VERSION = 5.0;
				TARGETED_DEVICE_FAMILY = "1,2";
				TEST_HOST = "$(BUILT_PRODUCTS_DIR)/PolyBounce.app/PolyBounce";
			};
			name = Debug;
		};
		6E612741241016DE003A3DFE /* Release */ = {
			isa = XCBuildConfiguration;
			buildSettings = {
				ALWAYS_EMBED_SWIFT_STANDARD_LIBRARIES = YES;
				BUNDLE_LOADER = "$(TEST_HOST)";
				CODE_SIGN_STYLE = Automatic;
				DEVELOPMENT_TEAM = 883DK65VTV;
				INFOPLIST_FILE = PolyBounceTests/Info.plist;
				IPHONEOS_DEPLOYMENT_TARGET = 13.2;
				LD_RUNPATH_SEARCH_PATHS = (
					"$(inherited)",
					"@executable_path/Frameworks",
					"@loader_path/Frameworks",
				);
				PRODUCT_BUNDLE_IDENTIFIER = "The-King.PolyBounceTests";
				PRODUCT_NAME = "$(TARGET_NAME)";
				SWIFT_VERSION = 5.0;
				TARGETED_DEVICE_FAMILY = "1,2";
				TEST_HOST = "$(BUILT_PRODUCTS_DIR)/PolyBounce.app/PolyBounce";
			};
			name = Release;
		};
		6E612743241016DE003A3DFE /* Debug */ = {
			isa = XCBuildConfiguration;
			buildSettings = {
				ALWAYS_EMBED_SWIFT_STANDARD_LIBRARIES = YES;
				CODE_SIGN_STYLE = Automatic;
				DEVELOPMENT_TEAM = 883DK65VTV;
				INFOPLIST_FILE = PolyBounceUITests/Info.plist;
				LD_RUNPATH_SEARCH_PATHS = (
					"$(inherited)",
					"@executable_path/Frameworks",
					"@loader_path/Frameworks",
				);
				PRODUCT_BUNDLE_IDENTIFIER = "The-King.PolyBounceUITests";
				PRODUCT_NAME = "$(TARGET_NAME)";
				SWIFT_VERSION = 5.0;
				TARGETED_DEVICE_FAMILY = "1,2";
				TEST_TARGET_NAME = PolyBounce;
			};
			name = Debug;
		};
		6E612744241016DE003A3DFE /* Release */ = {
			isa = XCBuildConfiguration;
			buildSettings = {
				ALWAYS_EMBED_SWIFT_STANDARD_LIBRARIES = YES;
				CODE_SIGN_STYLE = Automatic;
				DEVELOPMENT_TEAM = 883DK65VTV;
				INFOPLIST_FILE = PolyBounceUITests/Info.plist;
				LD_RUNPATH_SEARCH_PATHS = (
					"$(inherited)",
					"@executable_path/Frameworks",
					"@loader_path/Frameworks",
				);
				PRODUCT_BUNDLE_IDENTIFIER = "The-King.PolyBounceUITests";
				PRODUCT_NAME = "$(TARGET_NAME)";
				SWIFT_VERSION = 5.0;
				TARGETED_DEVICE_FAMILY = "1,2";
				TEST_TARGET_NAME = PolyBounce;
			};
			name = Release;
		};
/* End XCBuildConfiguration section */

/* Begin XCConfigurationList section */
		6E612709241016DC003A3DFE /* Build configuration list for PBXProject "PolyBounce" */ = {
			isa = XCConfigurationList;
			buildConfigurations = (
				6E61273A241016DE003A3DFE /* Debug */,
				6E61273B241016DE003A3DFE /* Release */,
			);
			defaultConfigurationIsVisible = 0;
			defaultConfigurationName = Release;
		};
		6E61273C241016DE003A3DFE /* Build configuration list for PBXNativeTarget "PolyBounce" */ = {
			isa = XCConfigurationList;
			buildConfigurations = (
				6E61273D241016DE003A3DFE /* Debug */,
				6E61273E241016DE003A3DFE /* Release */,
			);
			defaultConfigurationIsVisible = 0;
			defaultConfigurationName = Release;
		};
		6E61273F241016DE003A3DFE /* Build configuration list for PBXNativeTarget "PolyBounceTests" */ = {
			isa = XCConfigurationList;
			buildConfigurations = (
				6E612740241016DE003A3DFE /* Debug */,
				6E612741241016DE003A3DFE /* Release */,
			);
			defaultConfigurationIsVisible = 0;
			defaultConfigurationName = Release;
		};
		6E612742241016DE003A3DFE /* Build configuration list for PBXNativeTarget "PolyBounceUITests" */ = {
			isa = XCConfigurationList;
			buildConfigurations = (
				6E612743241016DE003A3DFE /* Debug */,
				6E612744241016DE003A3DFE /* Release */,
			);
			defaultConfigurationIsVisible = 0;
			defaultConfigurationName = Release;
		};
/* End XCConfigurationList section */
	};
	rootObject = 6E612706241016DC003A3DFE /* Project object */;
}
